
Microsoft Visual Studio Solution File, Format Version 12.00
# Visual Studio 15
VisualStudioVersion = 15.0.27703.2042
MinimumVisualStudioVersion = 10.0.40219.1
Project("{FAE04EC0-301F-11D3-BF4B-00C04F79EFBC}") = "CSharpPrograms", "CSharpPrograms\CSharpPrograms.csproj", "{81425763-EB12-4E7A-AC2A-049EC9C71343}"
EndProject
Global
	GlobalSection(SolutionConfigurationPlatforms) = preSolution
		Debug|Any CPU = Debug|Any CPU
		Release|Any CPU = Release|Any CPU
	EndGlobalSection
	GlobalSection(ProjectConfigurationPlatforms) = postSolution
		{81425763-EB12-4E7A-AC2A-049EC9C71343}.Debug|Any CPU.ActiveCfg = Debug|Any CPU
		{81425763-EB12-4E7A-AC2A-049EC9C71343}.Debug|Any CPU.Build.0 = Debug|Any CPU
		{81425763-EB12-4E7A-AC2A-049EC9C71343}.Release|Any CPU.ActiveCfg = Release|Any CPU
		{81425763-EB12-4E7A-AC2A-049EC9C71343}.Release|Any CPU.Build.0 = Release|Any CPU
	EndGlobalSection
	GlobalSection(SolutionProperties) = preSolution
		HideSolutionNode = FALSE
	EndGlobalSection
	GlobalSection(ExtensibilityGlobals) = postSolution
		SolutionGuid = {836354A3-A982-4F6F-B83A-1418E564E334}
	EndGlobalSection
EndGlobal
